
Microsoft Visual Studio Solution File, Format Version 12.00
Project("{FAE04EC0-301F-11D3-BF4B-00C04F79EFBC}") = "aPlusB", "aPlusB\aPlusB.csproj", "{03AFD0C6-E5A5-4B11-A7F3-76A385B6E0BA}"
EndProject
Global
	GlobalSection(SolutionConfigurationPlatforms) = preSolution
		Debug|Any CPU = Debug|Any CPU
		Release|Any CPU = Release|Any CPU
	EndGlobalSection
	GlobalSection(ProjectConfigurationPlatforms) = postSolution
		{03AFD0C6-E5A5-4B11-A7F3-76A385B6E0BA}.Debug|Any CPU.ActiveCfg = Debug|Any CPU
		{03AFD0C6-E5A5-4B11-A7F3-76A385B6E0BA}.Debug|Any CPU.Build.0 = Debug|Any CPU
		{03AFD0C6-E5A5-4B11-A7F3-76A385B6E0BA}.Release|Any CPU.ActiveCfg = Release|Any CPU
		{03AFD0C6-E5A5-4B11-A7F3-76A385B6E0BA}.Release|Any CPU.Build.0 = Release|Any CPU
	EndGlobalSection
EndGlobal
